
Microsoft Visual Studio Solution File, Format Version 12.00
# Visual Studio Version 17
VisualStudioVersion = 17.14.37628.2
MinimumVisualStudioVersion = 10.0.40219.1
Project("{2150E333-8FDC-42A3-9474-1A3956D46DE8}") = "Task0", "Task0", "{02EA681E-C7D8-13C7-8484-4AC65E1B71E8}"
EndProject
Project("{FAE04EC0-301F-11D3-BF4B-00C04F79EFBC}") = "Tyuiu.KortelyovDN.Sprint1.Task0.V15", "Tyuiu.KortelyovDN.Sprint1.Task0.V15\Tyuiu.KortelyovDN.Sprint1.Task0.V15.csproj", "{355FD100-6FB8-46C7-BC96-9DF60566B387}"
EndProject
Project("{FAE04EC0-301F-11D3-BF4B-00C04F79EFBC}") = "Tyuiu.KortelyovDN.Sprint1.Task0.V15.Test", "Tyuiu.KortelyovDN.Sprint1.Task0.V15.Test\Tyuiu.KortelyovDN.Sprint1.Task0.V15.Test.csproj", "{2501FE0E-D000-48C2-9FF6-2B2AFCFDF9D6}"
EndProject
Project("{FAE04EC0-301F-11D3-BF4B-00C04F79EFBC}") = "Tyuiu.KortelyovDN.Sprint1.Task0.V15.Lib", "Tyuiu.KortelyovDN.Sprint1.Task0.V15.Lib\Tyuiu.KortelyovDN.Sprint1.Task0.V15.Lib.csproj", "{6E2D7792-CA8D-4564-B60F-75A38936777B}"
EndProject
Project("{2150E333-8FDC-42A3-9474-1A3956D46DE8}") = "Task1", "Task1", "{51A8369A-8B5C-49E9-89C0-11F87C1B927E}"
EndProject
Project("{FAE04EC0-301F-11D3-BF4B-00C04F79EFBC}") = "Tyuiu.KortelyovDN.Sprint1.Task1.V10", "Tyuiu.KortelyovDN.Sprint1.Task1.V10\Tyuiu.KortelyovDN.Sprint1.Task1.V10.csproj", "{A289D014-D195-4D5E-A28D-BE586173AFF1}"
EndProject
Project("{FAE04EC0-301F-11D3-BF4B-00C04F79EFBC}") = "Tyuiu.KortelyovDN.Sprint1.Task1.V10.Lib", "Tyuiu.KortelyovDN.Sprint1.Task1.V10.Lib\Tyuiu.KortelyovDN.Sprint1.Task1.V10.Lib.csproj", "{E03C8221-8814-433A-9BBC-82569690DFD8}"
EndProject
Project("{FAE04EC0-301F-11D3-BF4B-00C04F79EFBC}") = "Tyuiu.KortelyovDN.Sprint1.Task1.V10.Test", "Tyuiu.KortelyovDN.Sprint1.Task1.V10.Test\Tyuiu.KortelyovDN.Sprint1.Task1.V10.Test.csproj", "{ED271132-3997-4D34-8524-8EADC35EE9AD}"
EndProject
Global
	GlobalSection(SolutionConfigurationPlatforms) = preSolution
		Debug|Any CPU = Debug|Any CPU
		Release|Any CPU = Release|Any CPU
	EndGlobalSection
	GlobalSection(ProjectConfigurationPlatforms) = postSolution
		{355FD100-6FB8-46C7-BC96-9DF60566B387}.Debug|Any CPU.ActiveCfg = Debug|Any CPU
		{355FD100-6FB8-46C7-BC96-9DF60566B387}.Debug|Any CPU.Build.0 = Debug|Any CPU
		{355FD100-6FB8-46C7-BC96-9DF60566B387}.Release|Any CPU.ActiveCfg = Release|Any CPU
		{355FD100-6FB8-46C7-BC96-9DF60566B387}.Release|Any CPU.Build.0 = Release|Any CPU
		{2501FE0E-D000-48C2-9FF6-2B2AFCFDF9D6}.Debug|Any CPU.ActiveCfg = Debug|Any CPU
		{2501FE0E-D000-48C2-9FF6-2B2AFCFDF9D6}.Debug|Any CPU.Build.0 = Debug|Any CPU
		{2501FE0E-D000-48C2-9FF6-2B2AFCFDF9D6}.Release|Any CPU.ActiveCfg = Release|Any CPU
		{2501FE0E-D000-48C2-9FF6-2B2AFCFDF9D6}.Release|Any CPU.Build.0 = Release|Any CPU
		{6E2D7792-CA8D-4564-B60F-75A38936777B}.Debug|Any CPU.ActiveCfg = Debug|Any CPU
		{6E2D7792-CA8D-4564-B60F-75A38936777B}.Debug|Any CPU.Build.0 = Debug|Any CPU
		{6E2D7792-CA8D-4564-B60F-75A38936777B}.Release|Any CPU.ActiveCfg = Release|Any CPU
		{6E2D7792-CA8D-4564-B60F-75A38936777B}.Release|Any CPU.Build.0 = Release|Any CPU
		{A289D014-D195-4D5E-A28D-BE586173AFF1}.Debug|Any CPU.ActiveCfg = Debug|Any CPU
		{A289D014-D195-4D5E-A28D-BE586173AFF1}.Debug|Any CPU.Build.0 = Debug|Any CPU
		{A289D014-D195-4D5E-A28D-BE586173AFF1}.Release|Any CPU.ActiveCfg = Release|Any CPU
		{A289D014-D195-4D5E-A28D-BE586173AFF1}.Release|Any CPU.Build.0 = Release|Any CPU
		{E03C8221-8814-433A-9BBC-82569690DFD8}.Debug|Any CPU.ActiveCfg = Debug|Any CPU
		{E03C8221-8814-433A-9BBC-82569690DFD8}.Debug|Any CPU.Build.0 = Debug|Any CPU
		{E03C8221-8814-433A-9BBC-82569690DFD8}.Release|Any CPU.ActiveCfg = Release|Any CPU
		{E03C8221-8814-433A-9BBC-82569690DFD8}.Release|Any CPU.Build.0 = Release|Any CPU
		{ED271132-3997-4D34-8524-8EADC35EE9AD}.Debug|Any CPU.ActiveCfg = Debug|Any CPU
		{ED271132-3997-4D34-8524-8EADC35EE9AD}.Debug|Any CPU.Build.0 = Debug|Any CPU
		{ED271132-3997-4D34-8524-8EADC35EE9AD}.Release|Any CPU.ActiveCfg = Release|Any CPU
		{ED271132-3997-4D34-8524-8EADC35EE9AD}.Release|Any CPU.Build.0 = Release|Any CPU
	EndGlobalSection
	GlobalSection(SolutionProperties) = preSolution
		HideSolutionNode = FALSE
	EndGlobalSection
	GlobalSection(NestedProjects) = preSolution
		{355FD100-6FB8-46C7-BC96-9DF60566B387} = {02EA681E-C7D8-13C7-8484-4AC65E1B71E8}
		{2501FE0E-D000-48C2-9FF6-2B2AFCFDF9D6} = {02EA681E-C7D8-13C7-8484-4AC65E1B71E8}
		{6E2D7792-CA8D-4564-B60F-75A38936777B} = {02EA681E-C7D8-13C7-8484-4AC65E1B71E8}
		{A289D014-D195-4D5E-A28D-BE586173AFF1} = {51A8369A-8B5C-49E9-89C0-11F87C1B927E}
		{E03C8221-8814-433A-9BBC-82569690DFD8} = {51A8369A-8B5C-49E9-89C0-11F87C1B927E}
		{ED271132-3997-4D34-8524-8EADC35EE9AD} = {51A8369A-8B5C-49E9-89C0-11F87C1B927E}
	EndGlobalSection
	GlobalSection(ExtensibilityGlobals) = postSolution
		SolutionGuid = {715F78B8-269C-4FEC-93C7-5F22852C4403}
	EndGlobalSection
EndGlobal
